{
  "requires": true,
  "lockfileVersion": 1,
  "dependencies": {
    "@types/lodash": {
      "version": "4.14.149",
      "resolved": "https://registry.npm.taobao.org/@types/lodash/download/@types/lodash-4.14.149.tgz",
      "integrity": "sha1-E0LWPZSMYGKDj7+WEBL3TU5jhEA="
    },
    "@types/uuid": {
      "version": "3.4.8",
      "resolved": "https://registry.npm.taobao.org/@types/uuid/download/@types/uuid-3.4.8.tgz",
      "integrity": "sha1-S6iH/O+IvZp1Fcot4zbWkePhgxg="
    },
    "camel-case": {
      "version": "3.0.0",
      "resolved": "https://registry.npm.taobao.org/camel-case/download/camel-case-3.0.0.tgz",
      "integrity": "sha1-yjw2iKTpzzpM2nd9xNy8cTJJz3M=",
      "requires": {
        "no-case": "^2.2.0",
        "upper-case": "^1.1.1"
      }
    },
    "change-case": {
      "version": "3.1.0",
      "resolved": "https://registry.npm.taobao.org/change-case/download/change-case-3.1.0.tgz",
      "integrity": "sha1-DmEbftyZUt8uhROye0LecmR90X4=",
      "requires": {
        "camel-case": "^3.0.0",
        "constant-case": "^2.0.0",
        "dot-case": "^2.1.0",
        "header-case": "^1.0.0",
        "is-lower-case": "^1.1.0",
        "is-upper-case": "^1.1.0",
        "lower-case": "^1.1.1",
        "lower-case-first": "^1.0.0",
        "no-case": "^2.3.2",
        "param-case": "^2.1.0",
        "pascal-case": "^2.0.0",
        "path-case": "^2.1.0",
        "sentence-case": "^2.1.0",
        "snake-case": "^2.1.0",
        "swap-case": "^1.1.0",
        "title-case": "^2.1.0",
        "upper-case": "^1.1.1",
        "upper-case-first": "^1.1.0"
      }
    },
    "constant-case": {
      "version": "2.0.0",
      "resolved": "https://registry.npm.taobao.org/constant-case/download/constant-case-2.0.0.tgz",
      "integrity": "sha1-QXV2TTidP6nI7NKRhu1gBSQ7akY=",
      "requires": {
        "snake-case": "^2.1.0",
        "upper-case": "^1.1.1"
      }
    },
    "dot-case": {
      "version": "2.1.1",
      "resolved": "https://registry.npm.taobao.org/dot-case/download/dot-case-2.1.1.tgz",
      "integrity": "sha1-NNzzf1Co6TwrO8qLt/uRVcfaO+4=",
      "requires": {
        "no-case": "^2.2.0"
      }
    },
    "element-ui-rw-dispatcher": {
      "version": "0.1.1",
      "resolved": "https://registry.npm.taobao.org/element-ui-rw-dispatcher/download/element-ui-rw-dispatcher-0.1.1.tgz",
      "integrity": "sha1-MlhpxS+ODB0RMcFET8uoaxE0V7o=",
      "requires": {
        "change-case": "^3.1.0",
        "lodash": "^4.17.15",
        "rw-dispatcher-helper": "^0.1.0-beta"
      }
    },
    "header-case": {
      "version": "1.0.1",
      "resolved": "https://registry.npm.taobao.org/header-case/download/header-case-1.0.1.tgz",
      "integrity": "sha1-lTWXMZfBRLCWE81l0xfvGZY70C0=",
      "requires": {
        "no-case": "^2.2.0",
        "upper-case": "^1.1.3"
      }
    },
    "is-lower-case": {
      "version": "1.1.3",
      "resolved": "https://registry.npm.taobao.org/is-lower-case/download/is-lower-case-1.1.3.tgz?cache=0&sync_timestamp=1575601619950&other_urls=https%3A%2F%2Fregistry.npm.taobao.org%2Fis-lower-case%2Fdownload%2Fis-lower-case-1.1.3.tgz",
      "integrity": "sha1-fhR75HaNxGbbO/shzGCzHmrWk5M=",
      "requires": {
        "lower-case": "^1.1.0"
      }
    },
    "is-upper-case": {
      "version": "1.1.2",
      "resolved": "https://registry.npm.taobao.org/is-upper-case/download/is-upper-case-1.1.2.tgz?cache=0&other_urls=https%3A%2F%2Fregistry.npm.taobao.org%2Fis-upper-case%2Fdownload%2Fis-upper-case-1.1.2.tgz",
      "integrity": "sha1-jQsfp+eTOh5YSDYA7H2WYcuvdW8=",
      "requires": {
        "upper-case": "^1.1.0"
      }
    },
    "lodash": {
      "version": "4.17.15",
      "resolved": "https://registry.npm.taobao.org/lodash/download/lodash-4.17.15.tgz",
      "integrity": "sha1-tEf2ZwoEVbv+7dETku/zMOoJdUg="
    },
    "lower-case": {
      "version": "1.1.4",
      "resolved": "https://registry.npm.taobao.org/lower-case/download/lower-case-1.1.4.tgz",
      "integrity": "sha1-miyr0bno4K6ZOkv31YdcOcQujqw="
    },
    "lower-case-first": {
      "version": "1.0.2",
      "resolved": "https://registry.npm.taobao.org/lower-case-first/download/lower-case-first-1.0.2.tgz?cache=0&other_urls=https%3A%2F%2Fregistry.npm.taobao.org%2Flower-case-first%2Fdownload%2Flower-case-first-1.0.2.tgz",
      "integrity": "sha1-5dp8JvKacHO+AtUrrJmA5ZIq36E=",
      "requires": {
        "lower-case": "^1.1.2"
      }
    },
    "no-case": {
      "version": "2.3.2",
      "resolved": "https://registry.npm.taobao.org/no-case/download/no-case-2.3.2.tgz?cache=0&sync_timestamp=1576721505371&other_urls=https%3A%2F%2Fregistry.npm.taobao.org%2Fno-case%2Fdownload%2Fno-case-2.3.2.tgz",
      "integrity": "sha1-YLgTOWvjmz8SiKTB7V0efSi0ZKw=",
      "requires": {
        "lower-case": "^1.1.1"
      }
    },
    "param-case": {
      "version": "2.1.1",
      "resolved": "https://registry.npm.taobao.org/param-case/download/param-case-2.1.1.tgz",
      "integrity": "sha1-35T9jPZTHs915r75oIWPvHK+Ikc=",
      "requires": {
        "no-case": "^2.2.0"
      }
    },
    "pascal-case": {
      "version": "2.0.1",
      "resolved": "https://registry.npm.taobao.org/pascal-case/download/pascal-case-2.0.1.tgz?cache=0&sync_timestamp=1577925951636&other_urls=https%3A%2F%2Fregistry.npm.taobao.org%2Fpascal-case%2Fdownload%2Fpascal-case-2.0.1.tgz",
      "integrity": "sha1-LVeNNFX2YNpl7KGO+VtODekSdh4=",
      "requires": {
        "camel-case": "^3.0.0",
        "upper-case-first": "^1.1.0"
      }
    },
    "path-case": {
      "version": "2.1.1",
      "resolved": "https://registry.npm.taobao.org/path-case/download/path-case-2.1.1.tgz",
      "integrity": "sha1-lLgDfDctP+KQbkZbtF4l0ibo7qU=",
      "requires": {
        "no-case": "^2.2.0"
      }
    },
    "rw-dispatcher-helper": {
      "version": "0.1.0-beta.1",
      "resolved": "https://registry.npm.taobao.org/rw-dispatcher-helper/download/rw-dispatcher-helper-0.1.0-beta.1.tgz",
      "integrity": "sha1-SwtDospBsUxrLMRv8mAYCSwUPrw=",
      "requires": {
        "@types/lodash": "^4.14.137",
        "@types/uuid": "^3.4.5",
        "change-case": "^3.1.0",
        "lodash": "^4.17.15",
        "uuid": "^3.3.2"
      }
    },
    "sentence-case": {
      "version": "2.1.1",
      "resolved": "https://registry.npm.taobao.org/sentence-case/download/sentence-case-2.1.1.tgz",
      "integrity": "sha1-H24t2jnBaL+S0T+G1KkYkz9mftQ=",
      "requires": {
        "no-case": "^2.2.0",
        "upper-case-first": "^1.1.2"
      }
    },
    "snake-case": {
      "version": "2.1.0",
      "resolved": "https://registry.npm.taobao.org/snake-case/download/snake-case-2.1.0.tgz",
      "integrity": "sha1-Qb2xtz8w7GagTU4srRt2OH1NbZ8=",
      "requires": {
        "no-case": "^2.2.0"
      }
    },
    "swap-case": {
      "version": "1.1.2",
      "resolved": "https://registry.npm.taobao.org/swap-case/download/swap-case-1.1.2.tgz?cache=0&sync_timestamp=1575601560703&other_urls=https%3A%2F%2Fregistry.npm.taobao.org%2Fswap-case%2Fdownload%2Fswap-case-1.1.2.tgz",
      "integrity": "sha1-w5IDpFhzhfrTyFCgvRvK+ggZdOM=",
      "requires": {
        "lower-case": "^1.1.1",
        "upper-case": "^1.1.1"
      }
    },
    "title-case": {
      "version": "2.1.1",
      "resolved": "https://registry.npm.taobao.org/title-case/download/title-case-2.1.1.tgz?cache=0&sync_timestamp=1575601563515&other_urls=https%3A%2F%2Fregistry.npm.taobao.org%2Ftitle-case%2Fdownload%2Ftitle-case-2.1.1.tgz",
      "integrity": "sha1-PhJyFtpY0rxb7PE3q5Ha46fNj6o=",
      "requires": {
        "no-case": "^2.2.0",
        "upper-case": "^1.0.3"
      }
    },
    "upper-case": {
      "version": "1.1.3",
      "resolved": "https://registry.npm.taobao.org/upper-case/download/upper-case-1.1.3.tgz",
      "integrity": "sha1-9rRQHC7EzdJrp4vnIilh3ndiFZg="
    },
    "upper-case-first": {
      "version": "1.1.2",
      "resolved": "https://registry.npm.taobao.org/upper-case-first/download/upper-case-first-1.1.2.tgz?cache=0&sync_timestamp=1575601561477&other_urls=https%3A%2F%2Fregistry.npm.taobao.org%2Fupper-case-first%2Fdownload%2Fupper-case-first-1.1.2.tgz",
      "integrity": "sha1-XXm+3P8UQZUY/S7bCgUHybaFkRU=",
      "requires": {
        "upper-case": "^1.1.1"
      }
    },
    "uuid": {
      "version": "3.4.0",
      "resolved": "https://registry.npm.taobao.org/uuid/download/uuid-3.4.0.tgz",
      "integrity": "sha1-sj5DWK+oogL+ehAK8fX4g/AgB+4="
    }
  }
}
